
Microsoft Visual Studio Solution File, Format Version 12.00
# Visual Studio Version 16
VisualStudioVersion = 16.0.32106.194
MinimumVisualStudioVersion = 10.0.40219.1
Project("{FAE04EC0-301F-11D3-BF4B-00C04F79EFBC}") = "Tech Assignment 2 - Basic Console App", "Tech Assignment 2 - Basic Console App.csproj", "{23509D1C-DA65-4D0B-96D4-1324AF57C43D}"
EndProject
Global
	GlobalSection(SolutionConfigurationPlatforms) = preSolution
		Debug|Any CPU = Debug|Any CPU
		Release|Any CPU = Release|Any CPU
	EndGlobalSection
	GlobalSection(ProjectConfigurationPlatforms) = postSolution
		{23509D1C-DA65-4D0B-96D4-1324AF57C43D}.Debug|Any CPU.ActiveCfg = Debug|Any CPU
		{23509D1C-DA65-4D0B-96D4-1324AF57C43D}.Debug|Any CPU.Build.0 = Debug|Any CPU
		{23509D1C-DA65-4D0B-96D4-1324AF57C43D}.Release|Any CPU.ActiveCfg = Release|Any CPU
		{23509D1C-DA65-4D0B-96D4-1324AF57C43D}.Release|Any CPU.Build.0 = Release|Any CPU
	EndGlobalSection
	GlobalSection(SolutionProperties) = preSolution
		HideSolutionNode = FALSE
	EndGlobalSection
	GlobalSection(ExtensibilityGlobals) = postSolution
		SolutionGuid = {5EAF4CFA-0B7D-4749-B1C3-13DDCECB681D}
	EndGlobalSection
EndGlobal
